PATH
  remote: .
  specs:
    ask-web-search-mcp (0.5.3)
      ask-mcp (>= 0.6.1)
      ask-web-search (>= 0.7.0)

GEM
  remote: https://rubygems.org/
  specs:
    addressable (2.9.0)
      public_suffix (>= 2.0.2, < 8.0)
    ask-mcp (0.6.1)
      base64
      httpx (~> 1.4)
      json-schema (~> 5.0)
    ask-web-search (0.7.0)
    base64 (0.3.0)
    bigdecimal (3.3.1)
    http-2 (1.2.3)
    httpx (1.8.4)
      http-2 (>= 1.2.0)
    json-schema (5.2.2)
      addressable (~> 2.8)
      bigdecimal (~> 3.1)
    minitest (5.27.0)
    public_suffix (7.0.5)
    rake (13.4.2)

PLATFORMS
  arm64-darwin-24
  ruby

DEPENDENCIES
  ask-web-search-mcp!
  minitest (~> 5.25)
  rake (~> 13.0)

CHECKSUMS
  addressable (2.9.0) sha256=7fdf6ac3660f7f4e867a0838be3f6cf722ace541dd97767fa42bc6cfa980c7af
  ask-mcp (0.6.1) sha256=dbecc249b99c2daea6957e692041a467d70c81028c96fbdf40b9ece9a59e7caf
  ask-web-search (0.7.0) sha256=664fa78d0af7c262ccccb178d5d84fe8a69251b4b2d77e4dffb54816f53f38ea
  ask-web-search-mcp (0.5.3)
  base64 (0.3.0) sha256=27337aeabad6ffae05c265c450490628ef3ebd4b67be58257393227588f5a97b
  bigdecimal (3.3.1) sha256=eaa01e228be54c4f9f53bf3cc34fe3d5e845c31963e7fcc5bedb05a4e7d52218
  bundler (4.0.12) sha256=7f8b757d28dfb636e7b24fba2344ac6dd13b5b24f4b46d62573d483f211825ac
  http-2 (1.2.3) sha256=f4e3a7000e9a8ab97595f09eac44c6ec10a2aa438360758124df0ca5bcb280d4
  httpx (1.8.4) sha256=1782ecde81eb4e961ad8735ec74a6fec8e60efeaa4592c6b2f55d72e19aaeca8
  json-schema (5.2.2) sha256=60beae0ed79ca9c552854c9ebfd44f50f77bd0c3144526d46afec384509940d5
  minitest (5.27.0) sha256=2d3b17f8a36fe7801c1adcffdbc38233b938eb0b4966e97a6739055a45fa77d5
  public_suffix (7.0.5) sha256=1a8bb08f1bbea19228d3bed6e5ed908d1cb4f7c2726d18bd9cadf60bc676f623
  rake (13.4.2) sha256=cb825b2bd5f1f8e91ca37bddb4b9aaf345551b4731da62949be002fa89283701

BUNDLED WITH
  4.0.12
